# This file is automatically @generated by Cargo.
# It is not intended for manual editing.
version = 4

[[package]]
name = "kernel"
version = "0.1.0"

[[package]]
name = "linux_rust_bindings"
version = "0.1.0"
dependencies = [
 "kernel",
]

[[package]]
name = "linux_rust_generated"
version = "0.1.0"
dependencies = [
 "kernel",
 "linux_rust_bindings",
 "linux_rust_safe",
]

[[package]]
name = "linux_rust_safe"
version = "0.1.0"
dependencies = [
 "kernel",
 "linux_rust_bindings",
]
